
Microsoft Visual Studio Solution File, Format Version 12.00
# Visual Studio Version 16
VisualStudioVersion = 16.0.32126.315
MinimumVisualStudioVersion = 10.0.40219.1
Project("{FAE04EC0-301F-11D3-BF4B-00C04F79EFBC}") = "MnbCurrencyReader", "MnbCurrencyReader\MnbCurrencyReader.csproj", "{A5C06261-9883-4576-9BE4-3AD8B4A4D8C0}"
EndProject
Global
	GlobalSection(SolutionConfigurationPlatforms) = preSolution
		Debug|Any CPU = Debug|Any CPU
		Release|Any CPU = Release|Any CPU
	EndGlobalSection
	GlobalSection(ProjectConfigurationPlatforms) = postSolution
		{A5C06261-9883-4576-9BE4-3AD8B4A4D8C0}.Debug|Any CPU.ActiveCfg = Debug|Any CPU
		{A5C06261-9883-4576-9BE4-3AD8B4A4D8C0}.Debug|Any CPU.Build.0 = Debug|Any CPU
		{A5C06261-9883-4576-9BE4-3AD8B4A4D8C0}.Release|Any CPU.ActiveCfg = Release|Any CPU
		{A5C06261-9883-4576-9BE4-3AD8B4A4D8C0}.Release|Any CPU.Build.0 = Release|Any CPU
	EndGlobalSection
	GlobalSection(SolutionProperties) = preSolution
		HideSolutionNode = FALSE
	EndGlobalSection
	GlobalSection(ExtensibilityGlobals) = postSolution
		SolutionGuid = {22CD5BA1-A188-4E3D-9C44-87580E90009E}
	EndGlobalSection
EndGlobal
