
Microsoft Visual Studio Solution File, Format Version 12.00
# Visual Studio Version 16
VisualStudioVersion = 16.0.32126.315
MinimumVisualStudioVersion = 10.0.40219.1
Project("{FAE04EC0-301F-11D3-BF4B-00C04F79EFBC}") = "ValueAtRisk", "ValueAtRisk\ValueAtRisk.csproj", "{A92765F5-C0D0-45F5-9035-8B07F19809BA}"
EndProject
Global
	GlobalSection(SolutionConfigurationPlatforms) = preSolution
		Debug|Any CPU = Debug|Any CPU
		Release|Any CPU = Release|Any CPU
	EndGlobalSection
	GlobalSection(ProjectConfigurationPlatforms) = postSolution
		{A92765F5-C0D0-45F5-9035-8B07F19809BA}.Debug|Any CPU.ActiveCfg = Debug|Any CPU
		{A92765F5-C0D0-45F5-9035-8B07F19809BA}.Debug|Any CPU.Build.0 = Debug|Any CPU
		{A92765F5-C0D0-45F5-9035-8B07F19809BA}.Release|Any CPU.ActiveCfg = Release|Any CPU
		{A92765F5-C0D0-45F5-9035-8B07F19809BA}.Release|Any CPU.Build.0 = Release|Any CPU
	EndGlobalSection
	GlobalSection(SolutionProperties) = preSolution
		HideSolutionNode = FALSE
	EndGlobalSection
	GlobalSection(ExtensibilityGlobals) = postSolution
		SolutionGuid = {AC937E25-A1CC-45EC-8891-F16169936B61}
	EndGlobalSection
EndGlobal
